// !$*UTF8*$!
{
	archiveVersion = 1;
	classes = {
	};
	objectVersion = 55;
	objects = {

/* Begin PBXBuildFile section */
		3B3C016726FABF7100F67FA8 /* AppDelegate.swift in Sources */ = {isa = PBXBuildFile; fileRef = 3B3C016626FABF7100F67FA8 /* AppDelegate.swift */; };
		3B3C016926FABF7100F67FA8 /* SceneDelegate.swift in Sources */ = {isa = PBXBuildFile; fileRef = 3B3C016826FABF7100F67FA8 /* SceneDelegate.swift */; };
		3B3C016B26FABF7100F67FA8 /* ViewController.swift in Sources */ = {isa = PBXBuildFile; fileRef = 3B3C016A26FABF7100F67FA8 /* ViewController.swift */; };
		3B3C016E26FABF7100F67FA8 /* Main.storyboard in Resources */ = {isa = PBXBuildFile; fileRef = 3B3C016C26FABF7100F67FA8 /* Main.storyboard */; };
		3B3C017026FABF7200F67FA8 /* Assets.xcassets in Resources */ = {isa = PBXBuildFile; fileRef = 3B3C016F26FABF7200F67FA8 /* Assets.xcassets */; };
		3B3C017326FABF7200F67FA8 /* LaunchScreen.storyboard in Resources */ = {isa = PBXBuildFile; fileRef = 3B3C017126FABF7200F67FA8 /* LaunchScreen.storyboard */; };
		3B3C017E26FABF7200F67FA8 /* Transicao_de_TelaTests.swift in Sources */ = {isa = PBXBuildFile; fileRef = 3B3C017D26FABF7200F67FA8 /* Transicao_de_TelaTests.swift */; };
		3B3C018826FABF7200F67FA8 /* Transicao_de_TelaUITests.swift in Sources */ = {isa = PBXBuildFile; fileRef = 3B3C018726FABF7200F67FA8 /* Transicao_de_TelaUITests.swift */; };
		3B3C018A26FABF7200F67FA8 /* Transicao_de_TelaUITestsLaunchTests.swift in Sources */ = {isa = PBXBuildFile; fileRef = 3B3C018926FABF7200F67FA8 /* Transicao_de_TelaUITestsLaunchTests.swift */; };
		3B85D93A26FDBB08007F89D9 /* VerdeViewController.swift in Sources */ = {isa = PBXBuildFile; fileRef = 3B85D93926FDBB08007F89D9 /* VerdeViewController.swift */; };
/* End PBXBuildFile section */

/* Begin PBXContainerItemProxy section */
		3B3C017A26FABF7200F67FA8 /* PBXContainerItemProxy */ = {
			isa = PBXContainerItemProxy;
			containerPortal = 3B3C015B26FABF7100F67FA8 /* Project object */;
			proxyType = 1;
			remoteGlobalIDString = 3B3C016226FABF7100F67FA8;
			remoteInfo = "Transicao de Tela";
		};
		3B3C018426FABF7200F67FA8 /* PBXContainerItemProxy */ = {
			isa = PBXContainerItemProxy;
			containerPortal = 3B3C015B26FABF7100F67FA8 /* Project object */;
			proxyType = 1;
			remoteGlobalIDString = 3B3C016226FABF7100F67FA8;
			remoteInfo = "Transicao de Tela";
		};
/* End PBXContainerItemProxy section */

/* Begin PBXFileReference section */
		3B3C016326FABF7100F67FA8 /* Transicao de Tela.app */ = {isa = PBXFileReference; explicitFileType = wrapper.application; includeInIndex = 0; path = "Transicao de Tela.app"; sourceTree = BUILT_PRODUCTS_DIR; };
		3B3C016626FABF7100F67FA8 /* AppDelegate.swift */ = {isa = PBXFileReference; lastKnownFileType = sourcecode.swift; path = AppDelegate.swift; sourceTree = "<group>"; };
		3B3C016826FABF7100F67FA8 /* SceneDelegate.swift */ = {isa = PBXFileReference; lastKnownFileType = sourcecode.swift; path = SceneDelegate.swift; sourceTree = "<group>"; };
		3B3C016A26FABF7100F67FA8 /* ViewController.swift */ = {isa = PBXFileReference; lastKnownFileType = sourcecode.swift; path = ViewController.swift; sourceTree = "<group>"; };
		3B3C016D26FABF7100F67FA8 /* Base */ = {isa = PBXFileReference; lastKnownFileType = file.storyboard; name = Base; path = Base.lproj/Main.storyboard; sourceTree = "<group>"; };
		3B3C016F26FABF7200F67FA8 /* Assets.xcassets */ = {isa = PBXFileReference; lastKnownFileType = folder.assetcatalog; path = Assets.xcassets; sourceTree = "<group>"; };
		3B3C017226FABF7200F67FA8 /* Base */ = {isa = PBXFileReference; lastKnownFileType = file.storyboard; name = Base; path = Base.lproj/LaunchScreen.storyboard; sourceTree = "<group>"; };
		3B3C017426FABF7200F67FA8 /* Info.plist */ = {isa = PBXFileReference; lastKnownFileType = text.plist.xml; path = Info.plist; sourceTree = "<group>"; };
		3B3C017926FABF7200F67FA8 /* Transicao de TelaTests.xctest */ = {isa = PBXFileReference; explicitFileType = wrapper.cfbundle; includeInIndex = 0; path = "Transicao de TelaTests.xctest"; sourceTree = BUILT_PRODUCTS_DIR; };
		3B3C017D26FABF7200F67FA8 /* Transicao_de_TelaTests.swift */ = {isa = PBXFileReference; lastKnownFileType = sourcecode.swift; path = Transicao_de_TelaTests.swift; sourceTree = "<group>"; };
		3B3C018326FABF7200F67FA8 /* Transicao de TelaUITests.xctest */ = {isa = PBXFileReference; explicitFileType = wrapper.cfbundle; includeInIndex = 0; path = "Transicao de TelaUITests.xctest"; sourceTree = BUILT_PRODUCTS_DIR; };
		3B3C018726FABF7200F67FA8 /* Transicao_de_TelaUITests.swift */ = {isa = PBXFileReference; lastKnownFileType = sourcecode.swift; path = Transicao_de_TelaUITests.swift; sourceTree = "<group>"; };
		3B3C018926FABF7200F67FA8 /* Transicao_de_TelaUITestsLaunchTests.swift */ = {isa = PBXFileReference; lastKnownFileType = sourcecode.swift; path = Transicao_de_TelaUITestsLaunchTests.swift; sourceTree = "<group>"; };
		3B85D93926FDBB08007F89D9 /* VerdeViewController.swift */ = {isa = PBXFileReference; lastKnownFileType = sourcecode.swift; path = VerdeViewController.swift; sourceTree = "<group>"; };
/* End PBXFileReference section */

/* Begin PBXFrameworksBuildPhase section */
		3B3C016026FABF7100F67FA8 /* Frameworks */ = {
			isa = PBXFrameworksBuildPhase;
			buildActionMask = 2147483647;
			files = (
			);
			runOnlyForDeploymentPostprocessing = 0;
		};
		3B3C017626FABF7200F67FA8 /* Frameworks */ = {
			isa = PBXFrameworksBuildPhase;
			buildActionMask = 2147483647;
			files = (
			);
			runOnlyForDeploymentPostprocessing = 0;
		};
		3B3C018026FABF7200F67FA8 /* Frameworks */ = {
			isa = PBXFrameworksBuildPhase;
			buildActionMask = 2147483647;
			files = (
			);
			runOnlyForDeploymentPostprocessing = 0;
		};
/* End PBXFrameworksBuildPhase section */

/* Begin PBXGroup section */
		3B3C015A26FABF7100F67FA8 = {
			isa = PBXGroup;
			children = (
				3B3C016526FABF7100F67FA8 /* Transicao de Tela */,
				3B3C017C26FABF7200F67FA8 /* Transicao de TelaTests */,
				3B3C018626FABF7200F67FA8 /* Transicao de TelaUITests */,
				3B3C016426FABF7100F67FA8 /* Products */,
			);
			sourceTree = "<group>";
		};
		3B3C016426FABF7100F67FA8 /* Products */ = {
			isa = PBXGroup;
			children = (
				3B3C016326FABF7100F67FA8 /* Transicao de Tela.app */,
				3B3C017926FABF7200F67FA8 /* Transicao de TelaTests.xctest */,
				3B3C018326FABF7200F67FA8 /* Transicao de TelaUITests.xctest */,
			);
			name = Products;
			sourceTree = "<group>";
		};
		3B3C016526FABF7100F67FA8 /* Transicao de Tela */ = {
			isa = PBXGroup;
			children = (
				3B3C016626FABF7100F67FA8 /* AppDelegate.swift */,
				3B3C016826FABF7100F67FA8 /* SceneDelegate.swift */,
				3B3C016A26FABF7100F67FA8 /* ViewController.swift */,
				3B85D93926FDBB08007F89D9 /* VerdeViewController.swift */,
				3B3C016C26FABF7100F67FA8 /* Main.storyboard */,
				3B3C016F26FABF7200F67FA8 /* Assets.xcassets */,
				3B3C017126FABF7200F67FA8 /* LaunchScreen.storyboard */,
				3B3C017426FABF7200F67FA8 /* Info.plist */,
			);
			path = "Transicao de Tela";
			sourceTree = "<group>";
		};
		3B3C017C26FABF7200F67FA8 /* Transicao de TelaTests */ = {
			isa = PBXGroup;
			children = (
				3B3C017D26FABF7200F67FA8 /* Transicao_de_TelaTests.swift */,
			);
			path = "Transicao de TelaTests";
			sourceTree = "<group>";
		};
		3B3C018626FABF7200F67FA8 /* Transicao de TelaUITests */ = {
			isa = PBXGroup;
			children = (
				3B3C018726FABF7200F67FA8 /* Transicao_de_TelaUITests.swift */,
				3B3C018926FABF7200F67FA8 /* Transicao_de_TelaUITestsLaunchTests.swift */,
			);
			path = "Transicao de TelaUITests";
			sourceTree = "<group>";
		};
/* End PBXGroup section */

/* Begin PBXNativeTarget section */
		3B3C016226FABF7100F67FA8 /* Transicao de Tela */ = {
			isa = PBXNativeTarget;
			buildConfigurationList = 3B3C018D26FABF7200F67FA8 /* Build configuration list for PBXNativeTarget "Transicao de Tela" */;
			buildPhases = (
				3B3C015F26FABF7100F67FA8 /* Sources */,
				3B3C016026FABF7100F67FA8 /* Frameworks */,
				3B3C016126FABF7100F67FA8 /* Resources */,
			);
			buildRules = (
			);
			dependencies = (
			);
			name = "Transicao de Tela";
			productName = "Transicao de Tela";
			productReference = 3B3C016326FABF7100F67FA8 /* Transicao de Tela.app */;
			productType = "com.apple.product-type.application";
		};
		3B3C017826FABF7200F67FA8 /* Transicao de TelaTests */ = {
			isa = PBXNativeTarget;
			buildConfigurationList = 3B3C019026FABF7200F67FA8 /* Build configuration list for PBXNativeTarget "Transicao de TelaTests" */;
			buildPhases = (
				3B3C017526FABF7200F67FA8 /* Sources */,
				3B3C017626FABF7200F67FA8 /* Frameworks */,
				3B3C017726FABF7200F67FA8 /* Resources */,
			);
			buildRules = (
			);
			dependencies = (
				3B3C017B26FABF7200F67FA8 /* PBXTargetDependency */,
			);
			name = "Transicao de TelaTests";
			productName = "Transicao de TelaTests";
			productReference = 3B3C017926FABF7200F67FA8 /* Transicao de TelaTests.xctest */;
			productType = "com.apple.product-type.bundle.unit-test";
		};
		3B3C018226FABF7200F67FA8 /* Transicao de TelaUITests */ = {
			isa = PBXNativeTarget;
			buildConfigurationList = 3B3C019326FABF7200F67FA8 /* Build configuration list for PBXNativeTarget "Transicao de TelaUITests" */;
			buildPhases = (
				3B3C017F26FABF7200F67FA8 /* Sources */,
				3B3C018026FABF7200F67FA8 /* Frameworks */,
				3B3C018126FABF7200F67FA8 /* Resources */,
			);
			buildRules = (
			);
			dependencies = (
				3B3C018526FABF7200F67FA8 /* PBXTargetDependency */,
			);
			name = "Transicao de TelaUITests";
			productName = "Transicao de TelaUITests";
			productReference = 3B3C018326FABF7200F67FA8 /* Transicao de TelaUITests.xctest */;
			productType = "com.apple.product-type.bundle.ui-testing";
		};
/* End PBXNativeTarget section */

/* Begin PBXProject section */
		3B3C015B26FABF7100F67FA8 /* Project object */ = {
			isa = PBXProject;
			attributes = {
				BuildIndependentTargetsInParallel = 1;
				LastSwiftUpdateCheck = 1300;
				LastUpgradeCheck = 1300;
				TargetAttributes = {
					3B3C016226FABF7100F67FA8 = {
						CreatedOnToolsVersion = 13.0;
					};
					3B3C017826FABF7200F67FA8 = {
						CreatedOnToolsVersion = 13.0;
						TestTargetID = 3B3C016226FABF7100F67FA8;
					};
					3B3C018226FABF7200F67FA8 = {
						CreatedOnToolsVersion = 13.0;
						TestTargetID = 3B3C016226FABF7100F67FA8;
					};
				};
			};
			buildConfigurationList = 3B3C015E26FABF7100F67FA8 /* Build configuration list for PBXProject "Transicao de Tela" */;
			compatibilityVersion = "Xcode 13.0";
			developmentRegion = en;
			hasScannedForEncodings = 0;
			knownRegions = (
				en,
				Base,
			);
			mainGroup = 3B3C015A26FABF7100F67FA8;
			productRefGroup = 3B3C016426FABF7100F67FA8 /* Products */;
			projectDirPath = "";
			projectRoot = "";
			targets = (
				3B3C016226FABF7100F67FA8 /* Transicao de Tela */,
				3B3C017826FABF7200F67FA8 /* Transicao de TelaTests */,
				3B3C018226FABF7200F67FA8 /* Transicao de TelaUITests */,
			);
		};
/* End PBXProject section */

/* Begin PBXResourcesBuildPhase section */
		3B3C016126FABF7100F67FA8 /* Resources */ = {
			isa = PBXResourcesBuildPhase;
			buildActionMask = 2147483647;
			files = (
				3B3C017326FABF7200F67FA8 /* LaunchScreen.storyboard in Resources */,
				3B3C017026FABF7200F67FA8 /* Assets.xcassets in Resources */,
				3B3C016E26FABF7100F67FA8 /* Main.storyboard in Resources */,
			);
			runOnlyForDeploymentPostprocessing = 0;
		};
		3B3C017726FABF7200F67FA8 /* Resources */ = {
			isa = PBXResourcesBuildPhase;
			buildActionMask = 2147483647;
			files = (
			);
			runOnlyForDeploymentPostprocessing = 0;
		};
		3B3C018126FABF7200F67FA8 /* Resources */ = {
			isa = PBXResourcesBuildPhase;
			buildActionMask = 2147483647;
			files = (
			);
			runOnlyForDeploymentPostprocessing = 0;
		};
/* End PBXResourcesBuildPhase section */

/* Begin PBXSourcesBuildPhase section */
		3B3C015F26FABF7100F67FA8 /* Sources */ = {
			isa = PBXSourcesBuildPhase;
			buildActionMask = 2147483647;
			files = (
				3B3C016B26FABF7100F67FA8 /* ViewController.swift in Sources */,
				3B85D93A26FDBB08007F89D9 /* VerdeViewController.swift in Sources */,
				3B3C016726FABF7100F67FA8 /* AppDelegate.swift in Sources */,
				3B3C016926FABF7100F67FA8 /* SceneDelegate.swift in Sources */,
			);
			runOnlyForDeploymentPostprocessing = 0;
		};
		3B3C017526FABF7200F67FA8 /* Sources */ = {
			isa = PBXSourcesBuildPhase;
			buildActionMask = 2147483647;
			files = (
				3B3C017E26FABF7200F67FA8 /* Transicao_de_TelaTests.swift in Sources */,
			);
			runOnlyForDeploymentPostprocessing = 0;
		};
		3B3C017F26FABF7200F67FA8 /* Sources */ = {
			isa = PBXSourcesBuildPhase;
			buildActionMask = 2147483647;
			files = (
				3B3C018A26FABF7200F67FA8 /* Transicao_de_TelaUITestsLaunchTests.swift in Sources */,
				3B3C018826FABF7200F67FA8 /* Transicao_de_TelaUITests.swift in Sources */,
			);
			runOnlyForDeploymentPostprocessing = 0;
		};
/* End PBXSourcesBuildPhase section */

/* Begin PBXTargetDependency section */
		3B3C017B26FABF7200F67FA8 /* PBXTargetDependency */ = {
			isa = PBXTargetDependency;
			target = 3B3C016226FABF7100F67FA8 /* Transicao de Tela */;
			targetProxy = 3B3C017A26FABF7200F67FA8 /* PBXContainerItemProxy */;
		};
		3B3C018526FABF7200F67FA8 /* PBXTargetDependency */ = {
			isa = PBXTargetDependency;
			target = 3B3C016226FABF7100F67FA8 /* Transicao de Tela */;
			targetProxy = 3B3C018426FABF7200F67FA8 /* PBXContainerItemProxy */;
		};
/* End PBXTargetDependency section */

/* Begin PBXVariantGroup section */
		3B3C016C26FABF7100F67FA8 /* Main.storyboard */ = {
			isa = PBXVariantGroup;
			children = (
				3B3C016D26FABF7100F67FA8 /* Base */,
			);
			name = Main.storyboard;
			sourceTree = "<group>";
		};
		3B3C017126FABF7200F67FA8 /* LaunchScreen.storyboard */ = {
			isa = PBXVariantGroup;
			children = (
				3B3C017226FABF7200F67FA8 /* Base */,
			);
			name = LaunchScreen.storyboard;
			sourceTree = "<group>";
		};
/* End PBXVariantGroup section */

/* Begin XCBuildConfiguration section */
		3B3C018B26FABF7200F67FA8 /* Debug */ = {
			isa = XCBuildConfiguration;
			buildSettings = {
				ALWAYS_SEARCH_USER_PATHS = NO;
				CLANG_ANALYZER_NONNULL = YES;
				CLANG_ANALYZER_NUMBER_OBJECT_CONVERSION = YES_AGGRESSIVE;
				CLANG_CXX_LANGUAGE_STANDARD = "gnu++17";
				CLANG_CXX_LIBRARY = "libc++";
				CLANG_ENABLE_MODULES = YES;
				CLANG_ENABLE_OBJC_ARC = YES;
				CLANG_ENABLE_OBJC_WEAK = YES;
				CLANG_WARN_BLOCK_CAPTURE_AUTORELEASING = YES;
				CLANG_WARN_BOOL_CONVERSION = YES;
				CLANG_WARN_COMMA = YES;
				CLANG_WARN_CONSTANT_CONVERSION = YES;
				CLANG_WARN_DEPRECATED_OBJC_IMPLEMENTATIONS = YES;
				CLANG_WARN_DIRECT_OBJC_ISA_USAGE = YES_ERROR;
				CLANG_WARN_DOCUMENTATION_COMMENTS = YES;
				CLANG_WARN_EMPTY_BODY = YES;
				CLANG_WARN_ENUM_CONVERSION = YES;
				CLANG_WARN_INFINITE_RECURSION = YES;
				CLANG_WARN_INT_CONVERSION = YES;
				CLANG_WARN_NON_LITERAL_NULL_CONVERSION = YES;
				CLANG_WARN_OBJC_IMPLICIT_RETAIN_SELF = YES;
				CLANG_WARN_OBJC_LITERAL_CONVERSION = YES;
				CLANG_WARN_OBJC_ROOT_CLASS = YES_ERROR;
				CLANG_WARN_QUOTED_INCLUDE_IN_FRAMEWORK_HEADER = YES;
				CLANG_WARN_RANGE_LOOP_ANALYSIS = YES;
				CLANG_WARN_STRICT_PROTOTYPES = YES;
				CLANG_WARN_SUSPICIOUS_MOVE = YES;
				CLANG_WARN_UNGUARDED_AVAILABILITY = YES_AGGRESSIVE;
				CLANG_WARN_UNREACHABLE_CODE = YES;
				CLANG_WARN__DUPLICATE_METHOD_MATCH = YES;
				COPY_PHASE_STRIP = NO;
				DEBUG_INFORMATION_FORMAT = dwarf;
				ENABLE_STRICT_OBJC_MSGSEND = YES;
				ENABLE_TESTABILITY = YES;
				GCC_C_LANGUAGE_STANDARD = gnu11;
				GCC_DYNAMIC_NO_PIC = NO;
				GCC_NO_COMMON_BLOCKS = YES;
				GCC_OPTIMIZATION_LEVEL = 0;
				GCC_PREPROCESSOR_DEFINITIONS = (
					"DEBUG=1",
					"$(inherited)",
				);
				GCC_WARN_64_TO_32_BIT_CONVERSION = YES;
				GCC_WARN_ABOUT_RETURN_TYPE = YES_ERROR;
				GCC_WARN_UNDECLARED_SELECTOR = YES;
				GCC_WARN_UNINITIALIZED_AUTOS = YES_AGGRESSIVE;
				GCC_WARN_UNUSED_FUNCTION = YES;
				GCC_WARN_UNUSED_VARIABLE = YES;
				IPHONEOS_DEPLOYMENT_TARGET = 15.0;
				MTL_ENABLE_DEBUG_INFO = INCLUDE_SOURCE;
				MTL_FAST_MATH = YES;
				ONLY_ACTIVE_ARCH = YES;
				SDKROOT = iphoneos;
				SWIFT_ACTIVE_COMPILATION_CONDITIONS = DEBUG;
				SWIFT_OPTIMIZATION_LEVEL = "-Onone";
			};
			name = Debug;
		};
		3B3C018C26FABF7200F67FA8 /* Release */ = {
			isa = XCBuildConfiguration;
			buildSettings = {
				ALWAYS_SEARCH_USER_PATHS = NO;
				CLANG_ANALYZER_NONNULL = YES;
				CLANG_ANALYZER_NUMBER_OBJECT_CONVERSION = YES_AGGRESSIVE;
				CLANG_CXX_LANGUAGE_STANDARD = "gnu++17";
				CLANG_CXX_LIBRARY = "libc++";
				CLANG_ENABLE_MODULES = YES;
				CLANG_ENABLE_OBJC_ARC = YES;
				CLANG_ENABLE_OBJC_WEAK = YES;
				CLANG_WARN_BLOCK_CAPTURE_AUTORELEASING = YES;
				CLANG_WARN_BOOL_CONVERSION = YES;
				CLANG_WARN_COMMA = YES;
				CLANG_WARN_CONSTANT_CONVERSION = YES;
				CLANG_WARN_DEPRECATED_OBJC_IMPLEMENTATIONS = YES;
				CLANG_WARN_DIRECT_OBJC_ISA_USAGE = YES_ERROR;
				CLANG_WARN_DOCUMENTATION_COMMENTS = YES;
				CLANG_WARN_EMPTY_BODY = YES;
				CLANG_WARN_ENUM_CONVERSION = YES;
				CLANG_WARN_INFINITE_RECURSION = YES;
				CLANG_WARN_INT_CONVERSION = YES;
				CLANG_WARN_NON_LITERAL_NULL_CONVERSION = YES;
				CLANG_WARN_OBJC_IMPLICIT_RETAIN_SELF = YES;
				CLANG_WARN_OBJC_LITERAL_CONVERSION = YES;
				CLANG_WARN_OBJC_ROOT_CLASS = YES_ERROR;
				CLANG_WARN_QUOTED_INCLUDE_IN_FRAMEWORK_HEADER = YES;
				CLANG_WARN_RANGE_LOOP_ANALYSIS = YES;
				CLANG_WARN_STRICT_PROTOTYPES = YES;
				CLANG_WARN_SUSPICIOUS_MOVE = YES;
				CLANG_WARN_UNGUARDED_AVAILABILITY = YES_AGGRESSIVE;
				CLANG_WARN_UNREACHABLE_CODE = YES;
				CLANG_WARN__DUPLICATE_METHOD_MATCH = YES;
				COPY_PHASE_STRIP = NO;
				DEBUG_INFORMATION_FORMAT = "dwarf-with-dsym";
				ENABLE_NS_ASSERTIONS = NO;
				ENABLE_STRICT_OBJC_MSGSEND = YES;
				GCC_C_LANGUAGE_STANDARD = gnu11;
				GCC_NO_COMMON_BLOCKS = YES;
				GCC_WARN_64_TO_32_BIT_CONVERSION = YES;
				GCC_WARN_ABOUT_RETURN_TYPE = YES_ERROR;
				GCC_WARN_UNDECLARED_SELECTOR = YES;
				GCC_WARN_UNINITIALIZED_AUTOS = YES_AGGRESSIVE;
				GCC_WARN_UNUSED_FUNCTION = YES;
				GCC_WARN_UNUSED_VARIABLE = YES;
				IPHONEOS_DEPLOYMENT_TARGET = 15.0;
				MTL_ENABLE_DEBUG_INFO = NO;
				MTL_FAST_MATH = YES;
				SDKROOT = iphoneos;
				SWIFT_COMPILATION_MODE = wholemodule;
				SWIFT_OPTIMIZATION_LEVEL = "-O";
				VALIDATE_PRODUCT = YES;
			};
			name = Release;
		};
		3B3C018E26FABF7200F67FA8 /* Debug */ = {
			isa = XCBuildConfiguration;
			buildSettings = {
				ASSETCATALOG_COMPILER_APPICON_NAME = AppIcon;
				ASSETCATALOG_COMPILER_GLOBAL_ACCENT_COLOR_NAME = AccentColor;
				CODE_SIGN_STYLE = Automatic;
				CURRENT_PROJECT_VERSION = 1;
				DEVELOPMENT_TEAM = 6FU86J57AS;
				GENERATE_INFOPLIST_FILE = YES;
				INFOPLIST_FILE = "Transicao de Tela/Info.plist";
				INFOPLIST_KEY_UIApplicationSupportsIndirectInputEvents = YES;
				INFOPLIST_KEY_UILaunchStoryboardName = LaunchScreen;
				INFOPLIST_KEY_UIMainStoryboardFile = Main;
				INFOPLIST_KEY_UISupportedInterfaceOrientations_iPad = "UIInterfaceOrientationPortrait UIInterfaceOrientationPortraitUpsideDown UIInterfaceOrientationLandscapeLeft UIInterfaceOrientationLandscapeRight";
				INFOPLIST_KEY_UISupportedInterfaceOrientations_iPhone = "UIInterfaceOrientationPortrait UIInterfaceOrientationLandscapeLeft UIInterfaceOrientationLandscapeRight";
				LD_RUNPATH_SEARCH_PATHS = (
					"$(inherited)",
					"@executable_path/Frameworks",
				);
				MARKETING_VERSION = 1.0;
				PRODUCT_BUNDLE_IDENTIFIER = "vitalsonlorran.Transicao-de-Tela";
				PRODUCT_NAME = "$(TARGET_NAME)";
				SWIFT_EMIT_LOC_STRINGS = YES;
				SWIFT_VERSION = 5.0;
				TARGETED_DEVICE_FAMILY = "1,2";
			};
			name = Debug;
		};
		3B3C018F26FABF7200F67FA8 /* Release */ = {
			isa = XCBuildConfiguration;
			buildSettings = {
				ASSETCATALOG_COMPILER_APPICON_NAME = AppIcon;
				ASSETCATALOG_COMPILER_GLOBAL_ACCENT_COLOR_NAME = AccentColor;
				CODE_SIGN_STYLE = Automatic;
				CURRENT_PROJECT_VERSION = 1;
				DEVELOPMENT_TEAM = 6FU86J57AS;
				GENERATE_INFOPLIST_FILE = YES;
				INFOPLIST_FILE = "Transicao de Tela/Info.plist";
				INFOPLIST_KEY_UIApplicationSupportsIndirectInputEvents = YES;
				INFOPLIST_KEY_UILaunchStoryboardName = LaunchScreen;
				INFOPLIST_KEY_UIMainStoryboardFile = Main;
				INFOPLIST_KEY_UISupportedInterfaceOrientations_iPad = "UIInterfaceOrientationPortrait UIInterfaceOrientationPortraitUpsideDown UIInterfaceOrientationLandscapeLeft UIInterfaceOrientationLandscapeRight";
				INFOPLIST_KEY_UISupportedInterfaceOrientations_iPhone = "UIInterfaceOrientationPortrait UIInterfaceOrientationLandscapeLeft UIInterfaceOrientationLandscapeRight";
				LD_RUNPATH_SEARCH_PATHS = (
					"$(inherited)",
					"@executable_path/Frameworks",
				);
				MARKETING_VERSION = 1.0;
				PRODUCT_BUNDLE_IDENTIFIER = "vitalsonlorran.Transicao-de-Tela";
				PRODUCT_NAME = "$(TARGET_NAME)";
				SWIFT_EMIT_LOC_STRINGS = YES;
				SWIFT_VERSION = 5.0;
				TARGETED_DEVICE_FAMILY = "1,2";
			};
			name = Release;
		};
		3B3C019126FABF7200F67FA8 /* Debug */ = {
			isa = XCBuildConfiguration;
			buildSettings = {
				ALWAYS_EMBED_SWIFT_STANDARD_LIBRARIES = YES;
				BUNDLE_LOADER = "$(TEST_HOST)";
				CODE_SIGN_STYLE = Automatic;
				CURRENT_PROJECT_VERSION = 1;
				DEVELOPMENT_TEAM = 6FU86J57AS;
				GENERATE_INFOPLIST_FILE = YES;
				IPHONEOS_DEPLOYMENT_TARGET = 15.0;
				LD_RUNPATH_SEARCH_PATHS = (
					"$(inherited)",
					"@executable_path/Frameworks",
					"@loader_path/Frameworks",
				);
				MARKETING_VERSION = 1.0;
				PRODUCT_BUNDLE_IDENTIFIER = "vitalsonlorran.Transicao-de-TelaTests";
				PRODUCT_NAME = "$(TARGET_NAME)";
				SWIFT_EMIT_LOC_STRINGS = NO;
				SWIFT_VERSION = 5.0;
				TARGETED_DEVICE_FAMILY = "1,2";
				TEST_HOST = "$(BUILT_PRODUCTS_DIR)/Transicao de Tela.app/Transicao de Tela";
			};
			name = Debug;
		};
		3B3C019226FABF7200F67FA8 /* Release */ = {
			isa = XCBuildConfiguration;
			buildSettings = {
				ALWAYS_EMBED_SWIFT_STANDARD_LIBRARIES = YES;
				BUNDLE_LOADER = "$(TEST_HOST)";
				CODE_SIGN_STYLE = Automatic;
				CURRENT_PROJECT_VERSION = 1;
				DEVELOPMENT_TEAM = 6FU86J57AS;
				GENERATE_INFOPLIST_FILE = YES;
				IPHONEOS_DEPLOYMENT_TARGET = 15.0;
				LD_RUNPATH_SEARCH_PATHS = (
					"$(inherited)",
					"@executable_path/Frameworks",
					"@loader_path/Frameworks",
				);
				MARKETING_VERSION = 1.0;
				PRODUCT_BUNDLE_IDENTIFIER = "vitalsonlorran.Transicao-de-TelaTests";
				PRODUCT_NAME = "$(TARGET_NAME)";
				SWIFT_EMIT_LOC_STRINGS = NO;
				SWIFT_VERSION = 5.0;
				TARGETED_DEVICE_FAMILY = "1,2";
				TEST_HOST = "$(BUILT_PRODUCTS_DIR)/Transicao de Tela.app/Transicao de Tela";
			};
			name = Release;
		};
		3B3C019426FABF7200F67FA8 /* Debug */ = {
			isa = XCBuildConfiguration;
			buildSettings = {
				ALWAYS_EMBED_SWIFT_STANDARD_LIBRARIES = YES;
				CODE_SIGN_STYLE = Automatic;
				CURRENT_PROJECT_VERSION = 1;
				DEVELOPMENT_TEAM = 6FU86J57AS;
				GENERATE_INFOPLIST_FILE = YES;
				LD_RUNPATH_SEARCH_PATHS = (
					"$(inherited)",
					"@executable_path/Frameworks",
					"@loader_path/Frameworks",
				);
				MARKETING_VERSION = 1.0;
				PRODUCT_BUNDLE_IDENTIFIER = "vitalsonlorran.Transicao-de-TelaUITests";
				PRODUCT_NAME = "$(TARGET_NAME)";
				SWIFT_EMIT_LOC_STRINGS = NO;
				SWIFT_VERSION = 5.0;
				TARGETED_DEVICE_FAMILY = "1,2";
				TEST_TARGET_NAME = "Transicao de Tela";
			};
			name = Debug;
		};
		3B3C019526FABF7200F67FA8 /* Release */ = {
			isa = XCBuildConfiguration;
			buildSettings = {
				ALWAYS_EMBED_SWIFT_STANDARD_LIBRARIES = YES;
				CODE_SIGN_STYLE = Automatic;
				CURRENT_PROJECT_VERSION = 1;
				DEVELOPMENT_TEAM = 6FU86J57AS;
				GENERATE_INFOPLIST_FILE = YES;
				LD_RUNPATH_SEARCH_PATHS = (
					"$(inherited)",
					"@executable_path/Frameworks",
					"@loader_path/Frameworks",
				);
				MARKETING_VERSION = 1.0;
				PRODUCT_BUNDLE_IDENTIFIER = "vitalsonlorran.Transicao-de-TelaUITests";
				PRODUCT_NAME = "$(TARGET_NAME)";
				SWIFT_EMIT_LOC_STRINGS = NO;
				SWIFT_VERSION = 5.0;
				TARGETED_DEVICE_FAMILY = "1,2";
				TEST_TARGET_NAME = "Transicao de Tela";
			};
			name = Release;
		};
/* End XCBuildConfiguration section */

/* Begin XCConfigurationList section */
		3B3C015E26FABF7100F67FA8 /* Build configuration list for PBXProject "Transicao de Tela" */ = {
			isa = XCConfigurationList;
			buildConfigurations = (
				3B3C018B26FABF7200F67FA8 /* Debug */,
				3B3C018C26FABF7200F67FA8 /* Release */,
			);
			defaultConfigurationIsVisible = 0;
			defaultConfigurationName = Release;
		};
		3B3C018D26FABF7200F67FA8 /* Build configuration list for PBXNativeTarget "Transicao de Tela" */ = {
			isa = XCConfigurationList;
			buildConfigurations = (
				3B3C018E26FABF7200F67FA8 /* Debug */,
				3B3C018F26FABF7200F67FA8 /* Release */,
			);
			defaultConfigurationIsVisible = 0;
			defaultConfigurationName = Release;
		};
		3B3C019026FABF7200F67FA8 /* Build configuration list for PBXNativeTarget "Transicao de TelaTests" */ = {
			isa = XCConfigurationList;
			buildConfigurations = (
				3B3C019126FABF7200F67FA8 /* Debug */,
				3B3C019226FABF7200F67FA8 /* Release */,
			);
			defaultConfigurationIsVisible = 0;
			defaultConfigurationName = Release;
		};
		3B3C019326FABF7200F67FA8 /* Build configuration list for PBXNativeTarget "Transicao de TelaUITests" */ = {
			isa = XCConfigurationList;
			buildConfigurations = (
				3B3C019426FABF7200F67FA8 /* Debug */,
				3B3C019526FABF7200F67FA8 /* Release */,
			);
			defaultConfigurationIsVisible = 0;
			defaultConfigurationName = Release;
		};
/* End XCConfigurationList section */
	};
	rootObject = 3B3C015B26FABF7100F67FA8 /* Project object */;
}
